{
  "name": "rushikeshmanjre",
  "version": "1.0.0",
  "lockfileVersion": 3,
  "requires": true,
  "packages": {
    "": {
      "name": "rushikeshmanjre",
      "version": "1.0.0",
      "license": "ISC",
      "dependencies": {
        "rushikeshmanjre": "^1.0.0"
      }
    },
    "node_modules/rushikeshmanjre": {
      "version": "1.0.0",
      "resolved": "https://registry.npmjs.org/rushikeshmanjre/-/rushikeshmanjre-1.0.0.tgz",
      "integrity": "sha512-XiPEc2CBTu/wnZHQYgp9SidfatCxXZzbc1UHgRlJ/sWer0IWuQSDURf7jZJTghCEuZFv34Nfq7gxYIU0d0ms4A==",
      "license": "ISC"
    }
  }
}
